
Microsoft Visual Studio Solution File, Format Version 12.00
# Visual Studio Version 17
VisualStudioVersion = 17.4.33205.214
MinimumVisualStudioVersion = 10.0.40219.1
Project("{9A19103F-16F7-4668-BE54-9A1E7A4F7556}") = "ProductInfo.API", "Product.API\ProductInfo.API.csproj", "{250EC254-A457-434D-8293-E45B2F3AE5D3}"
EndProject
Global
	GlobalSection(SolutionConfigurationPlatforms) = preSolution
		Debug|Any CPU = Debug|Any CPU
		Release|Any CPU = Release|Any CPU
	EndGlobalSection
	GlobalSection(ProjectConfigurationPlatforms) = postSolution
		{250EC254-A457-434D-8293-E45B2F3AE5D3}.Debug|Any CPU.ActiveCfg = Debug|Any CPU
		{250EC254-A457-434D-8293-E45B2F3AE5D3}.Debug|Any CPU.Build.0 = Debug|Any CPU
		{250EC254-A457-434D-8293-E45B2F3AE5D3}.Release|Any CPU.ActiveCfg = Release|Any CPU
		{250EC254-A457-434D-8293-E45B2F3AE5D3}.Release|Any CPU.Build.0 = Release|Any CPU
	EndGlobalSection
	GlobalSection(SolutionProperties) = preSolution
		HideSolutionNode = FALSE
	EndGlobalSection
	GlobalSection(ExtensibilityGlobals) = postSolution
		SolutionGuid = {1CB6570F-F5A5-49C6-99D8-45F7F451B37F}
	EndGlobalSection
EndGlobal
